{
  "name": "schema",
  "lockfileVersion": 3,
  "requires": true,
  "packages": {
    "": {
      "dependencies": {
        "@sourcemeta/jsonschema": "^16.11.0"
      }
    },
    "node_modules/@sourcemeta/jsonschema": {
      "version": "16.11.0",
      "resolved": "https://registry.npmjs.org/@sourcemeta/jsonschema/-/jsonschema-16.11.0.tgz",
      "integrity": "sha512-wNPjOWimzbjL1+8bIi/Jl7NCXJnLjN5CTwO2ZXr53oirwiXIY6/8E/ovlTOVon5Ut5YzrPVgGLrrWKGDwP+gTQ==",
      "cpu": [
        "x64",
        "arm64"
      ],
      "license": "AGPL-3.0",
      "os": [
        "darwin",
        "linux",
        "win32"
      ],
      "bin": {
        "jsonschema": "npm/cli.js"
      },
      "engines": {
        "node": ">=16"
      },
      "funding": {
        "url": "https://github.com/sponsors/sourcemeta"
      }
    }
  }
}
